{
  "object": {
    "pins": [
      {
        "package": "Snapscreen",
        "repositoryURL": "git@github.com:martinreichart/snpscrn-test.git",
        "state": {
          "branch": "main",
          "revision": "7886415521146208d8d11b46086c14a4b3fc600d",
          "version": null
        }
      }
    ]
  },
  "version": 1
}
